PODS:
  - Capacitor (5.7.4):
    - CapacitorCordova
  - CapacitorCamera (5.0.9):
    - Capacitor
  - CapacitorCordova (5.7.4)
  - CapacitorSplashScreen (5.0.7):
    - Capacitor
  - CordovaPluginsStatic (5.7.4):
    - CapacitorCordova
    - PushwooshInboxUIXCFramework (= 6.1.2)
    - PushwooshXCFramework (= 6.7.4)
  - PushwooshInboxUIXCFramework (6.1.2):
    - PushwooshXCFramework (~> 6.0)
  - PushwooshXCFramework (6.7.4):
    - PushwooshXCFramework/Core (= 6.7.4)
  - PushwooshXCFramework/Core (6.7.4)

DEPENDENCIES:
  - "Capacitor (from `../../node_modules/@capacitor/ios`)"
  - "CapacitorCamera (from `../../node_modules/@capacitor/camera`)"
  - "CapacitorCordova (from `../../node_modules/@capacitor/ios`)"
  - "CapacitorSplashScreen (from `../../node_modules/@capacitor/splash-screen`)"
  - CordovaPluginsStatic (from `../capacitor-cordova-ios-plugins`)

SPEC REPOS:
  trunk:
    - PushwooshInboxUIXCFramework
    - PushwooshXCFramework

EXTERNAL SOURCES:
  Capacitor:
    :path: "../../node_modules/@capacitor/ios"
  CapacitorCamera:
    :path: "../../node_modules/@capacitor/camera"
  CapacitorCordova:
    :path: "../../node_modules/@capacitor/ios"
  CapacitorSplashScreen:
    :path: "../../node_modules/@capacitor/splash-screen"
  CordovaPluginsStatic:
    :path: "../capacitor-cordova-ios-plugins"

SPEC CHECKSUMS:
  Capacitor: 4fe9adf012caceb4c71ffea2f1f4d005cdcbeea7
  CapacitorCamera: 4892c5c392f60039d853dde78bc50ba19fbd113e
  CapacitorCordova: a6e87fccc0307dee7aec1560ec9398485f2b0ce7
  CapacitorSplashScreen: dd3de3f3644710fa2a697cfb91ec262eece4d242
  CordovaPluginsStatic: 2bbdf892bbc2a412c3783d62b2ec796d304ea8b9
  PushwooshInboxUIXCFramework: a6d8528ef5194d188e4574a373020f399255f6c7
  PushwooshXCFramework: 7b7bc5976fe54be9db2b36830f7c0e5b10bcfa7f

PODFILE CHECKSUM: 211cf5a48add6ca4c83beb726acfd667e8b309a3

COCOAPODS: 1.15.2
