PODS:
  - Capacitor (6.1.2):
    - CapacitorCordova
  - CapacitorCamera (6.1.0):
    - Capacitor
  - CapacitorCordova (6.1.2)
  - CapacitorPushNotifications (6.0.2):
    - Capacitor
  - CapacitorSplashScreen (6.0.2):
    - Capacitor
  - CordovaPluginsStatic (6.1.2):
    - CapacitorCordova
    - PushwooshInboxUIXCFramework (= 6.1.2)
    - PushwooshXCFramework (= 6.7.4)
  - PushwooshInboxUIXCFramework (6.1.2):
    - PushwooshXCFramework (~> 6.0)
  - PushwooshXCFramework (6.7.4):
    - PushwooshXCFramework/Core (= 6.7.4)
  - PushwooshXCFramework/Core (6.7.4)

DEPENDENCIES:
  - "Capacitor (from `../../node_modules/@capacitor/ios`)"
  - "CapacitorCamera (from `../../node_modules/@capacitor/camera`)"
  - "CapacitorCordova (from `../../node_modules/@capacitor/ios`)"
  - "CapacitorPushNotifications (from `../../node_modules/@capacitor/push-notifications`)"
  - "CapacitorSplashScreen (from `../../node_modules/@capacitor/splash-screen`)"
  - CordovaPluginsStatic (from `../capacitor-cordova-ios-plugins`)

SPEC REPOS:
  trunk:
    - PushwooshInboxUIXCFramework
    - PushwooshXCFramework

EXTERNAL SOURCES:
  Capacitor:
    :path: "../../node_modules/@capacitor/ios"
  CapacitorCamera:
    :path: "../../node_modules/@capacitor/camera"
  CapacitorCordova:
    :path: "../../node_modules/@capacitor/ios"
  CapacitorPushNotifications:
    :path: "../../node_modules/@capacitor/push-notifications"
  CapacitorSplashScreen:
    :path: "../../node_modules/@capacitor/splash-screen"
  CordovaPluginsStatic:
    :path: "../capacitor-cordova-ios-plugins"

SPEC CHECKSUMS:
  Capacitor: 69c7f687aabb8d85e543497411e40638b5cc08c0
  CapacitorCamera: c2924acc75205066d2282b799a31f6eab35a28a1
  CapacitorCordova: f48c89f96c319101cd2f0ce8a2b7449b5fb8b3dd
  CapacitorPushNotifications: 88f40c5f06dfe54f2c0619173e11ecbff8661a2f
  CapacitorSplashScreen: b46e61cc4345d73d510530b0c845a30e3602db40
  CordovaPluginsStatic: cb344588671b0e00b61d623d85c44acb5afab500
  PushwooshInboxUIXCFramework: a6d8528ef5194d188e4574a373020f399255f6c7
  PushwooshXCFramework: 7b7bc5976fe54be9db2b36830f7c0e5b10bcfa7f

PODFILE CHECKSUM: 4cfdd52a172c2a5ff14fb88324d349e30759c78f

COCOAPODS: 1.16.2
