PODS:
  - Capacitor (5.7.4):
    - CapacitorCordova
  - CapacitorCamera (5.0.9):
    - Capacitor
  - CapacitorCordova (5.7.4)
  - CapacitorPushNotifications (5.1.2):
    - Capacitor
  - CapacitorSplashScreen (5.0.7):
    - Capacitor

DEPENDENCIES:
  - "Capacitor (from `../../node_modules/@capacitor/ios`)"
  - "CapacitorCamera (from `../../node_modules/@capacitor/camera`)"
  - "CapacitorCordova (from `../../node_modules/@capacitor/ios`)"
  - "CapacitorPushNotifications (from `../../node_modules/@capacitor/push-notifications`)"
  - "CapacitorSplashScreen (from `../../node_modules/@capacitor/splash-screen`)"

EXTERNAL SOURCES:
  Capacitor:
    :path: "../../node_modules/@capacitor/ios"
  CapacitorCamera:
    :path: "../../node_modules/@capacitor/camera"
  CapacitorCordova:
    :path: "../../node_modules/@capacitor/ios"
  CapacitorPushNotifications:
    :path: "../../node_modules/@capacitor/push-notifications"
  CapacitorSplashScreen:
    :path: "../../node_modules/@capacitor/splash-screen"

SPEC CHECKSUMS:
  Capacitor: 0b2c8a082fc0335969bdc7d074072ca8c9e064af
  CapacitorCamera: ccb043b8f7b7cc42e53ddf02e28bf4978510d156
  CapacitorCordova: a6e87fccc0307dee7aec1560ec9398485f2b0ce7
  CapacitorPushNotifications: 95dc889e9f3540e3c4f118f7ed53fd61db82100b
  CapacitorSplashScreen: 4ff6258039d0ea77b289edb9503a50ba02d58189

PODFILE CHECKSUM: ea645e89348aab70750d4a8af673fefd865b3aa2

COCOAPODS: 1.16.2
