{
  "originHash" : "8f2024c4425567ad9fe81142a3e1b45bb96dd73a44dafa0a8d1c5f700e1b130e",
  "pins" : [
    {
      "identity" : "pushwoosh-xcframework",
      "kind" : "remoteSourceControl",
      "location" : "https://github.com/Pushwoosh/Pushwoosh-XCFramework",
      "state" : {
        "revision" : "e854d5db23e1fd10f475f3d01a75c24955d38813",
        "version" : "6.7.10"
      }
    }
  ],
  "version" : 3
}
